Microsoft Visual Studio Solution File, Format Version 12.00
# Visual Studio Version 17
VisualStudioVersion = 17.5.2.0
MinimumVisualStudioVersion = 10.0.40219.1
Project("{FAE04EC0-301F-11D3-BF4B-00C04F79EFBC}") = "coderabbit_calculator_Path_Instructions_duplication", "coderabbit_calculator_Path_Instructions_duplication.csproj", "{1E5ACB06-D5B0-032A-5550-6ADDC79E8FE9}"
EndProject
Global
	GlobalSection(SolutionConfigurationPlatforms) = preSolution
		Debug|Any CPU = Debug|Any CPU
		Release|Any CPU = Release|Any CPU
	EndGlobalSection
	GlobalSection(ProjectConfigurationPlatforms) = postSolution
		{1E5ACB06-D5B0-032A-5550-6ADDC79E8FE9}.Debug|Any CPU.ActiveCfg = Debug|Any CPU
		{1E5ACB06-D5B0-032A-5550-6ADDC79E8FE9}.Debug|Any CPU.Build.0 = Debug|Any CPU
		{1E5ACB06-D5B0-032A-5550-6ADDC79E8FE9}.Release|Any CPU.ActiveCfg = Release|Any CPU
		{1E5ACB06-D5B0-032A-5550-6ADDC79E8FE9}.Release|Any CPU.Build.0 = Release|Any CPU
	EndGlobalSection
	GlobalSection(SolutionProperties) = preSolution
		HideSolutionNode = FALSE
	EndGlobalSection
	GlobalSection(ExtensibilityGlobals) = postSolution
		SolutionGuid = {614C5769-3D2B-4AB7-BB7D-011AA29A4D09}
	EndGlobalSection
EndGlobal
